
Microsoft Visual Studio Solution File, Format Version 12.00
# Visual Studio Version 16
VisualStudioVersion = 16.0.29806.167
MinimumVisualStudioVersion = 10.0.40219.1
Project("{FAE04EC0-301F-11D3-BF4B-00C04F79EFBC}") = "GraphLab2", "GraphLab2\GraphLab2.csproj", "{DF9629DB-B6D2-43D1-AD58-E41B40DEE087}"
EndProject
Project("{FAE04EC0-301F-11D3-BF4B-00C04F79EFBC}") = "SchemaResearch", "SchemaResearch\SchemaResearch.csproj", "{C50E0751-C04C-47ED-A359-13DAB2D583E0}"
EndProject
Global
	GlobalSection(SolutionConfigurationPlatforms) = preSolution
		Debug|Any CPU = Debug|Any CPU
		Release|Any CPU = Release|Any CPU
	EndGlobalSection
	GlobalSection(ProjectConfigurationPlatforms) = postSolution
		{DF9629DB-B6D2-43D1-AD58-E41B40DEE087}.Debug|Any CPU.ActiveCfg = Debug|Any CPU
		{DF9629DB-B6D2-43D1-AD58-E41B40DEE087}.Debug|Any CPU.Build.0 = Debug|Any CPU
		{DF9629DB-B6D2-43D1-AD58-E41B40DEE087}.Release|Any CPU.ActiveCfg = Release|Any CPU
		{DF9629DB-B6D2-43D1-AD58-E41B40DEE087}.Release|Any CPU.Build.0 = Release|Any CPU
		{C50E0751-C04C-47ED-A359-13DAB2D583E0}.Debug|Any CPU.ActiveCfg = Debug|Any CPU
		{C50E0751-C04C-47ED-A359-13DAB2D583E0}.Debug|Any CPU.Build.0 = Debug|Any CPU
		{C50E0751-C04C-47ED-A359-13DAB2D583E0}.Release|Any CPU.ActiveCfg = Release|Any CPU
		{C50E0751-C04C-47ED-A359-13DAB2D583E0}.Release|Any CPU.Build.0 = Release|Any CPU
	EndGlobalSection
	GlobalSection(SolutionProperties) = preSolution
		HideSolutionNode = FALSE
	EndGlobalSection
	GlobalSection(ExtensibilityGlobals) = postSolution
		SolutionGuid = {E9C280EA-4F72-4C98-BC7D-5CAA8D7D97D2}
	EndGlobalSection
EndGlobal
